
Microsoft Visual Studio Solution File, Format Version 11.00
# Visual Studio 2010
Project("{FAE04EC0-301F-11D3-BF4B-00C04F79EFBC}") = "Android Daisy", "Assembly-CSharp.csproj", "{5670485A-00CD-D4F3-98DF-190C3ED739AF}"
EndProject
Project("{FAE04EC0-301F-11D3-BF4B-00C04F79EFBC}") = "Android Daisy", "Assembly-CSharp-Editor.csproj", "{5346FB97-0387-668B-73CD-8CC4FD450CB7}"
EndProject
Global
	GlobalSection(SolutionConfigurationPlatforms) = preSolution
		Debug|Any CPU = Debug|Any CPU
		Release|Any CPU = Release|Any CPU
	EndGlobalSection
	GlobalSection(ProjectConfigurationPlatforms) = postSolution
		{5670485A-00CD-D4F3-98DF-190C3ED739AF}.Debug|Any CPU.ActiveCfg = Debug|Any CPU
		{5670485A-00CD-D4F3-98DF-190C3ED739AF}.Debug|Any CPU.Build.0 = Debug|Any CPU
		{5670485A-00CD-D4F3-98DF-190C3ED739AF}.Release|Any CPU.ActiveCfg = Release|Any CPU
		{5670485A-00CD-D4F3-98DF-190C3ED739AF}.Release|Any CPU.Build.0 = Release|Any CPU
		{5346FB97-0387-668B-73CD-8CC4FD450CB7}.Debug|Any CPU.ActiveCfg = Debug|Any CPU
		{5346FB97-0387-668B-73CD-8CC4FD450CB7}.Debug|Any CPU.Build.0 = Debug|Any CPU
		{5346FB97-0387-668B-73CD-8CC4FD450CB7}.Release|Any CPU.ActiveCfg = Release|Any CPU
		{5346FB97-0387-668B-73CD-8CC4FD450CB7}.Release|Any CPU.Build.0 = Release|Any CPU
	EndGlobalSection
	GlobalSection(SolutionProperties) = preSolution
		HideSolutionNode = FALSE
	EndGlobalSection
	GlobalSection(MonoDevelopProperties) = preSolution
		StartupItem = Assembly-CSharp.csproj
	EndGlobalSection
EndGlobal
